
Microsoft Visual Studio Solution File, Format Version 12.00
# Visual Studio Version 17
VisualStudioVersion = 17.2.32516.85
MinimumVisualStudioVersion = 10.0.40219.1
Project("{FAE04EC0-301F-11D3-BF4B-00C04F79EFBC}") = "core-jr", "core-jr\core-jr.csproj", "{620CECA7-419C-4C28-82F2-A78655ABCFCD}"
EndProject
Project("{2150E333-8FDC-42A3-9474-1A3956D46DE8}") = "Solution Items", "Solution Items", "{42332F74-398E-4DBC-94AF-C5E21125D145}"
	ProjectSection(SolutionItems) = preProject
		.editorconfig = .editorconfig
	EndProjectSection
EndProject
Global
	GlobalSection(SolutionConfigurationPlatforms) = preSolution
		Debug|Any CPU = Debug|Any CPU
		Release|Any CPU = Release|Any CPU
	EndGlobalSection
	GlobalSection(ProjectConfigurationPlatforms) = postSolution
		{620CECA7-419C-4C28-82F2-A78655ABCFCD}.Debug|Any CPU.ActiveCfg = Debug|Any CPU
		{620CECA7-419C-4C28-82F2-A78655ABCFCD}.Debug|Any CPU.Build.0 = Debug|Any CPU
		{620CECA7-419C-4C28-82F2-A78655ABCFCD}.Release|Any CPU.ActiveCfg = Release|Any CPU
		{620CECA7-419C-4C28-82F2-A78655ABCFCD}.Release|Any CPU.Build.0 = Release|Any CPU
	EndGlobalSection
	GlobalSection(SolutionProperties) = preSolution
		HideSolutionNode = FALSE
	EndGlobalSection
	GlobalSection(ExtensibilityGlobals) = postSolution
		SolutionGuid = {E1E9FA27-20B0-4439-9BD0-83D8F90DDF94}
	EndGlobalSection
EndGlobal
